// !$*UTF8*$!
{
	archiveVersion = 1;
	classes = {
	};
	objectVersion = 46;
	objects = {

/* Begin PBXBuildFile section */
		4790C08F1DED2810000BE86B /* User.swift in Sources */ = {isa = PBXBuildFile; fileRef = 4790C08E1DED2810000BE86B /* User.swift */; };
		4790C0911DED286D000BE86B /* ViewModel.swift in Sources */ = {isa = PBXBuildFile; fileRef = 4790C0901DED286D000BE86B /* ViewModel.swift */; };
		47E83D691DE9324C00225E1E /* AppDelegate.swift in Sources */ = {isa = PBXBuildFile; fileRef = 47E83D681DE9324C00225E1E /* AppDelegate.swift */; };
		47E83D6B1DE9324C00225E1E /* ViewController.swift in Sources */ = {isa = PBXBuildFile; fileRef = 47E83D6A1DE9324C00225E1E /* ViewController.swift */; };
		47E83D6E1DE9324C00225E1E /* Main.storyboard in Resources */ = {isa = PBXBuildFile; fileRef = 47E83D6C1DE9324C00225E1E /* Main.storyboard */; };
		47E83D701DE9324C00225E1E /* Assets.xcassets in Resources */ = {isa = PBXBuildFile; fileRef = 47E83D6F1DE9324C00225E1E /* Assets.xcassets */; };
		47E83D731DE9324C00225E1E /* LaunchScreen.storyboard in Resources */ = {isa = PBXBuildFile; fileRef = 47E83D711DE9324C00225E1E /* LaunchScreen.storyboard */; };
		47E83D7E1DE9324C00225E1E /* RxTests.swift in Sources */ = {isa = PBXBuildFile; fileRef = 47E83D7D1DE9324C00225E1E /* RxTests.swift */; };
		47E83D891DE9324D00225E1E /* RxUITests.swift in Sources */ = {isa = PBXBuildFile; fileRef = 47E83D881DE9324D00225E1E /* RxUITests.swift */; };
		B54F24B4F690FAD6E260F106 /* Pods_Rx.framework in Frameworks */ = {isa = PBXBuildFile; fileRef = CCD00C1F80723B9030BC7E5A /* Pods_Rx.framework */; };
/* End PBXBuildFile section */

/* Begin PBXContainerItemProxy section */
		47E83D7A1DE9324C00225E1E /* PBXContainerItemProxy */ = {
			isa = PBXContainerItemProxy;
			containerPortal = 47E83D5D1DE9324C00225E1E /* Project object */;
			proxyType = 1;
			remoteGlobalIDString = 47E83D641DE9324C00225E1E;
			remoteInfo = Rx;
		};
		47E83D851DE9324D00225E1E /* PBXContainerItemProxy */ = {
			isa = PBXContainerItemProxy;
			containerPortal = 47E83D5D1DE9324C00225E1E /* Project object */;
			proxyType = 1;
			remoteGlobalIDString = 47E83D641DE9324C00225E1E;
			remoteInfo = Rx;
		};
/* End PBXContainerItemProxy section */

/* Begin PBXFileReference section */
		3F6A78BF6EA37E02F05B61EC /* Pods-Rx.release.xcconfig */ = {isa = PBXFileReference; includeInIndex = 1; lastKnownFileType = text.xcconfig; name = "Pods-Rx.release.xcconfig"; path = "Pods/Target Support Files/Pods-Rx/Pods-Rx.release.xcconfig"; sourceTree = "<group>"; };
		4790C08E1DED2810000BE86B /* User.swift */ = {isa = PBXFileReference; fileEncoding = 4; lastKnownFileType = sourcecode.swift; path = User.swift; sourceTree = "<group>"; };
		4790C0901DED286D000BE86B /* ViewModel.swift */ = {isa = PBXFileReference; fileEncoding = 4; lastKnownFileType = sourcecode.swift; path = ViewModel.swift; sourceTree = "<group>"; };
		47E83D651DE9324C00225E1E /* Rx.app */ = {isa = PBXFileReference; explicitFileType = wrapper.application; includeInIndex = 0; path = Rx.app; sourceTree = BUILT_PRODUCTS_DIR; };
		47E83D681DE9324C00225E1E /* AppDelegate.swift */ = {isa = PBXFileReference; lastKnownFileType = sourcecode.swift; path = AppDelegate.swift; sourceTree = "<group>"; };
		47E83D6A1DE9324C00225E1E /* ViewController.swift */ = {isa = PBXFileReference; lastKnownFileType = sourcecode.swift; path = ViewController.swift; sourceTree = "<group>"; };
		47E83D6D1DE9324C00225E1E /* Base */ = {isa = PBXFileReference; lastKnownFileType = file.storyboard; name = Base; path = Base.lproj/Main.storyboard; sourceTree = "<group>"; };
		47E83D6F1DE9324C00225E1E /* Assets.xcassets */ = {isa = PBXFileReference; lastKnownFileType = folder.assetcatalog; path = Assets.xcassets; sourceTree = "<group>"; };
		47E83D721DE9324C00225E1E /* Base */ = {isa = PBXFileReference; lastKnownFileType = file.storyboard; name = Base; path = Base.lproj/LaunchScreen.storyboard; sourceTree = "<group>"; };
		47E83D741DE9324C00225E1E /* Info.plist */ = {isa = PBXFileReference; lastKnownFileType = text.plist.xml; path = Info.plist; sourceTree = "<group>"; };
		47E83D791DE9324C00225E1E /* RxTests.xctest */ = {isa = PBXFileReference; explicitFileType = wrapper.cfbundle; includeInIndex = 0; path = RxTests.xctest; sourceTree = BUILT_PRODUCTS_DIR; };
		47E83D7D1DE9324C00225E1E /* RxTests.swift */ = {isa = PBXFileReference; lastKnownFileType = sourcecode.swift; path = RxTests.swift; sourceTree = "<group>"; };
		47E83D7F1DE9324C00225E1E /* Info.plist */ = {isa = PBXFileReference; lastKnownFileType = text.plist.xml; path = Info.plist; sourceTree = "<group>"; };
		47E83D841DE9324D00225E1E /* RxUITests.xctest */ = {isa = PBXFileReference; explicitFileType = wrapper.cfbundle; includeInIndex = 0; path = RxUITests.xctest; sourceTree = BUILT_PRODUCTS_DIR; };
		47E83D881DE9324D00225E1E /* RxUITests.swift */ = {isa = PBXFileReference; lastKnownFileType = sourcecode.swift; path = RxUITests.swift; sourceTree = "<group>"; };
		47E83D8A1DE9324D00225E1E /* Info.plist */ = {isa = PBXFileReference; lastKnownFileType = text.plist.xml; path = Info.plist; sourceTree = "<group>"; };
		74AB4437F140A7A8538303FF /* Pods-Rx.debug.xcconfig */ = {isa = PBXFileReference; includeInIndex = 1; lastKnownFileType = text.xcconfig; name = "Pods-Rx.debug.xcconfig"; path = "Pods/Target Support Files/Pods-Rx/Pods-Rx.debug.xcconfig"; sourceTree = "<group>"; };
		CCD00C1F80723B9030BC7E5A /* Pods_Rx.framework */ = {isa = PBXFileReference; explicitFileType = wrapper.framework; includeInIndex = 0; path = Pods_Rx.framework; sourceTree = BUILT_PRODUCTS_DIR; };
/* End PBXFileReference section */

/* Begin PBXFrameworksBuildPhase section */
		47E83D621DE9324C00225E1E /* Frameworks */ = {
			isa = PBXFrameworksBuildPhase;
			buildActionMask = 2147483647;
			files = (
				B54F24B4F690FAD6E260F106 /* Pods_Rx.framework in Frameworks */,
			);
			runOnlyForDeploymentPostprocessing = 0;
		};
		47E83D761DE9324C00225E1E /* Frameworks */ = {
			isa = PBXFrameworksBuildPhase;
			buildActionMask = 2147483647;
			files = (
			);
			runOnlyForDeploymentPostprocessing = 0;
		};
		47E83D811DE9324D00225E1E /* Frameworks */ = {
			isa = PBXFrameworksBuildPhase;
			buildActionMask = 2147483647;
			files = (
			);
			runOnlyForDeploymentPostprocessing = 0;
		};
/* End PBXFrameworksBuildPhase section */

/* Begin PBXGroup section */
		1CA468A36BF2F42B04928115 /* Pods */ = {
			isa = PBXGroup;
			children = (
				74AB4437F140A7A8538303FF /* Pods-Rx.debug.xcconfig */,
				3F6A78BF6EA37E02F05B61EC /* Pods-Rx.release.xcconfig */,
			);
			name = Pods;
			sourceTree = "<group>";
		};
		47E83D5C1DE9324C00225E1E = {
			isa = PBXGroup;
			children = (
				47E83D671DE9324C00225E1E /* Rx */,
				47E83D7C1DE9324C00225E1E /* RxTests */,
				47E83D871DE9324D00225E1E /* RxUITests */,
				47E83D661DE9324C00225E1E /* Products */,
				1CA468A36BF2F42B04928115 /* Pods */,
				F9D28F75630BB33614EE1954 /* Frameworks */,
			);
			sourceTree = "<group>";
		};
		47E83D661DE9324C00225E1E /* Products */ = {
			isa = PBXGroup;
			children = (
				47E83D651DE9324C00225E1E /* Rx.app */,
				47E83D791DE9324C00225E1E /* RxTests.xctest */,
				47E83D841DE9324D00225E1E /* RxUITests.xctest */,
			);
			name = Products;
			sourceTree = "<group>";
		};
		47E83D671DE9324C00225E1E /* Rx */ = {
			isa = PBXGroup;
			children = (
				47E83D681DE9324C00225E1E /* AppDelegate.swift */,
				47E83D6A1DE9324C00225E1E /* ViewController.swift */,
				4790C0901DED286D000BE86B /* ViewModel.swift */,
				4790C08E1DED2810000BE86B /* User.swift */,
				47E83D6C1DE9324C00225E1E /* Main.storyboard */,
				47E83D6F1DE9324C00225E1E /* Assets.xcassets */,
				47E83D711DE9324C00225E1E /* LaunchScreen.storyboard */,
				47E83D741DE9324C00225E1E /* Info.plist */,
			);
			path = Rx;
			sourceTree = "<group>";
		};
		47E83D7C1DE9324C00225E1E /* RxTests */ = {
			isa = PBXGroup;
			children = (
				47E83D7D1DE9324C00225E1E /* RxTests.swift */,
				47E83D7F1DE9324C00225E1E /* Info.plist */,
			);
			path = RxTests;
			sourceTree = "<group>";
		};
		47E83D871DE9324D00225E1E /* RxUITests */ = {
			isa = PBXGroup;
			children = (
				47E83D881DE9324D00225E1E /* RxUITests.swift */,
				47E83D8A1DE9324D00225E1E /* Info.plist */,
			);
			path = RxUITests;
			sourceTree = "<group>";
		};
		F9D28F75630BB33614EE1954 /* Frameworks */ = {
			isa = PBXGroup;
			children = (
				CCD00C1F80723B9030BC7E5A /* Pods_Rx.framework */,
			);
			name = Frameworks;
			sourceTree = "<group>";
		};
/* End PBXGroup section */

/* Begin PBXNativeTarget section */
		47E83D641DE9324C00225E1E /* Rx */ = {
			isa = PBXNativeTarget;
			buildConfigurationList = 47E83D8D1DE9324D00225E1E /* Build configuration list for PBXNativeTarget "Rx" */;
			buildPhases = (
				6E82B2DA5581392CE41CAB97 /* [CP] Check Pods Manifest.lock */,
				47E83D611DE9324C00225E1E /* Sources */,
				47E83D621DE9324C00225E1E /* Frameworks */,
				47E83D631DE9324C00225E1E /* Resources */,
				CD2B13336516BD3F9DD5F30D /* [CP] Embed Pods Frameworks */,
				80286B779AE567BF29A22EBA /* [CP] Copy Pods Resources */,
			);
			buildRules = (
			);
			dependencies = (
			);
			name = Rx;
			productName = Rx;
			productReference = 47E83D651DE9324C00225E1E /* Rx.app */;
			productType = "com.apple.product-type.application";
		};
		47E83D781DE9324C00225E1E /* RxTests */ = {
			isa = PBXNativeTarget;
			buildConfigurationList = 47E83D901DE9324D00225E1E /* Build configuration list for PBXNativeTarget "RxTests" */;
			buildPhases = (
				47E83D751DE9324C00225E1E /* Sources */,
				47E83D761DE9324C00225E1E /* Frameworks */,
				47E83D771DE9324C00225E1E /* Resources */,
			);
			buildRules = (
			);
			dependencies = (
				47E83D7B1DE9324C00225E1E /* PBXTargetDependency */,
			);
			name = RxTests;
			productName = RxTests;
			productReference = 47E83D791DE9324C00225E1E /* RxTests.xctest */;
			productType = "com.apple.product-type.bundle.unit-test";
		};
		47E83D831DE9324D00225E1E /* RxUITests */ = {
			isa = PBXNativeTarget;
			buildConfigurationList = 47E83D931DE9324D00225E1E /* Build configuration list for PBXNativeTarget "RxUITests" */;
			buildPhases = (
				47E83D801DE9324D00225E1E /* Sources */,
				47E83D811DE9324D00225E1E /* Frameworks */,
				47E83D821DE9324D00225E1E /* Resources */,
			);
			buildRules = (
			);
			dependencies = (
				47E83D861DE9324D00225E1E /* PBXTargetDependency */,
			);
			name = RxUITests;
			productName = RxUITests;
			productReference = 47E83D841DE9324D00225E1E /* RxUITests.xctest */;
			productType = "com.apple.product-type.bundle.ui-testing";
		};
/* End PBXNativeTarget section */

/* Begin PBXProject section */
		47E83D5D1DE9324C00225E1E /* Project object */ = {
			isa = PBXProject;
			attributes = {
				LastSwiftUpdateCheck = 0800;
				LastUpgradeCheck = 0800;
				ORGANIZATIONNAME = wlm;
				TargetAttributes = {
					47E83D641DE9324C00225E1E = {
						CreatedOnToolsVersion = 8.0;
						ProvisioningStyle = Automatic;
					};
					47E83D781DE9324C00225E1E = {
						CreatedOnToolsVersion = 8.0;
						ProvisioningStyle = Automatic;
						TestTargetID = 47E83D641DE9324C00225E1E;
					};
					47E83D831DE9324D00225E1E = {
						CreatedOnToolsVersion = 8.0;
						ProvisioningStyle = Automatic;
						TestTargetID = 47E83D641DE9324C00225E1E;
					};
				};
			};
			buildConfigurationList = 47E83D601DE9324C00225E1E /* Build configuration list for PBXProject "Rx" */;
			compatibilityVersion = "Xcode 3.2";
			developmentRegion = English;
			hasScannedForEncodings = 0;
			knownRegions = (
				en,
				Base,
			);
			mainGroup = 47E83D5C1DE9324C00225E1E;
			productRefGroup = 47E83D661DE9324C00225E1E /* Products */;
			projectDirPath = "";
			projectRoot = "";
			targets = (
				47E83D641DE9324C00225E1E /* Rx */,
				47E83D781DE9324C00225E1E /* RxTests */,
				47E83D831DE9324D00225E1E /* RxUITests */,
			);
		};
/* End PBXProject section */

/* Begin PBXResourcesBuildPhase section */
		47E83D631DE9324C00225E1E /* Resources */ = {
			isa = PBXResourcesBuildPhase;
			buildActionMask = 2147483647;
			files = (
				47E83D731DE9324C00225E1E /* LaunchScreen.storyboard in Resources */,
				47E83D701DE9324C00225E1E /* Assets.xcassets in Resources */,
				47E83D6E1DE9324C00225E1E /* Main.storyboard in Resources */,
			);
			runOnlyForDeploymentPostprocessing = 0;
		};
		47E83D771DE9324C00225E1E /* Resources */ = {
			isa = PBXResourcesBuildPhase;
			buildActionMask = 2147483647;
			files = (
			);
			runOnlyForDeploymentPostprocessing = 0;
		};
		47E83D821DE9324D00225E1E /* Resources */ = {
			isa = PBXResourcesBuildPhase;
			buildActionMask = 2147483647;
			files = (
			);
			runOnlyForDeploymentPostprocessing = 0;
		};
/* End PBXResourcesBuildPhase section */

/* Begin PBXShellScriptBuildPhase section */
		6E82B2DA5581392CE41CAB97 /* [CP] Check Pods Manifest.lock */ = {
			isa = PBXShellScriptBuildPhase;
			buildActionMask = 2147483647;
			files = (
			);
			inputPaths = (
			);
			name = "[CP] Check Pods Manifest.lock";
			outputPaths = (
			);
			runOnlyForDeploymentPostprocessing = 0;
			shellPath = /bin/sh;
			shellScript = "diff \"${PODS_ROOT}/../Podfile.lock\" \"${PODS_ROOT}/Manifest.lock\" > /dev/null\nif [ $? != 0 ] ; then\n    # print error to STDERR\n    echo \"error: The sandbox is not in sync with the Podfile.lock. Run 'pod install' or update your CocoaPods installation.\" >&2\n    exit 1\nfi\n";
			showEnvVarsInLog = 0;
		};
		80286B779AE567BF29A22EBA /* [CP] Copy Pods Resources */ = {
			isa = PBXShellScriptBuildPhase;
			buildActionMask = 2147483647;
			files = (
			);
			inputPaths = (
			);
			name = "[CP] Copy Pods Resources";
			outputPaths = (
			);
			runOnlyForDeploymentPostprocessing = 0;
			shellPath = /bin/sh;
			shellScript = "\"${SRCROOT}/Pods/Target Support Files/Pods-Rx/Pods-Rx-resources.sh\"\n";
			showEnvVarsInLog = 0;
		};
		CD2B13336516BD3F9DD5F30D /* [CP] Embed Pods Frameworks */ = {
			isa = PBXShellScriptBuildPhase;
			buildActionMask = 2147483647;
			files = (
			);
			inputPaths = (
			);
			name = "[CP] Embed Pods Frameworks";
			outputPaths = (
			);
			runOnlyForDeploymentPostprocessing = 0;
			shellPath = /bin/sh;
			shellScript = "\"${SRCROOT}/Pods/Target Support Files/Pods-Rx/Pods-Rx-frameworks.sh\"\n";
			showEnvVarsInLog = 0;
		};
/* End PBXShellScriptBuildPhase section */

/* Begin PBXSourcesBuildPhase section */
		47E83D611DE9324C00225E1E /* Sources */ = {
			isa = PBXSourcesBuildPhase;
			buildActionMask = 2147483647;
			files = (
				47E83D6B1DE9324C00225E1E /* ViewController.swift in Sources */,
				47E83D691DE9324C00225E1E /* AppDelegate.swift in Sources */,
				4790C0911DED286D000BE86B /* ViewModel.swift in Sources */,
				4790C08F1DED2810000BE86B /* User.swift in Sources */,
			);
			runOnlyForDeploymentPostprocessing = 0;
		};
		47E83D751DE9324C00225E1E /* Sources */ = {
			isa = PBXSourcesBuildPhase;
			buildActionMask = 2147483647;
			files = (
				47E83D7E1DE9324C00225E1E /* RxTests.swift in Sources */,
			);
			runOnlyForDeploymentPostprocessing = 0;
		};
		47E83D801DE9324D00225E1E /* Sources */ = {
			isa = PBXSourcesBuildPhase;
			buildActionMask = 2147483647;
			files = (
				47E83D891DE9324D00225E1E /* RxUITests.swift in Sources */,
			);
			runOnlyForDeploymentPostprocessing = 0;
		};
/* End PBXSourcesBuildPhase section */

/* Begin PBXTargetDependency section */
		47E83D7B1DE9324C00225E1E /* PBXTargetDependency */ = {
			isa = PBXTargetDependency;
			target = 47E83D641DE9324C00225E1E /* Rx */;
			targetProxy = 47E83D7A1DE9324C00225E1E /* PBXContainerItemProxy */;
		};
		47E83D861DE9324D00225E1E /* PBXTargetDependency */ = {
			isa = PBXTargetDependency;
			target = 47E83D641DE9324C00225E1E /* Rx */;
			targetProxy = 47E83D851DE9324D00225E1E /* PBXContainerItemProxy */;
		};
/* End PBXTargetDependency section */

/* Begin PBXVariantGroup section */
		47E83D6C1DE9324C00225E1E /* Main.storyboard */ = {
			isa = PBXVariantGroup;
			children = (
				47E83D6D1DE9324C00225E1E /* Base */,
			);
			name = Main.storyboard;
			sourceTree = "<group>";
		};
		47E83D711DE9324C00225E1E /* LaunchScreen.storyboard */ = {
			isa = PBXVariantGroup;
			children = (
				47E83D721DE9324C00225E1E /* Base */,
			);
			name = LaunchScreen.storyboard;
			sourceTree = "<group>";
		};
/* End PBXVariantGroup section */

/* Begin XCBuildConfiguration section */
		47E83D8B1DE9324D00225E1E /* Debug */ = {
			isa = XCBuildConfiguration;
			buildSettings = {
				ALWAYS_SEARCH_USER_PATHS = NO;
				CLANG_ANALYZER_NONNULL = YES;
				CLANG_CXX_LANGUAGE_STANDARD = "gnu++0x";
				CLANG_CXX_LIBRARY = "libc++";
				CLANG_ENABLE_MODULES = YES;
				CLANG_ENABLE_OBJC_ARC = YES;
				CLANG_WARN_BOOL_CONVERSION = YES;
				CLANG_WARN_CONSTANT_CONVERSION = YES;
				CLANG_WARN_DIRECT_OBJC_ISA_USAGE = YES_ERROR;
				CLANG_WARN_DOCUMENTATION_COMMENTS = YES;
				CLANG_WARN_EMPTY_BODY = YES;
				CLANG_WARN_ENUM_CONVERSION = YES;
				CLANG_WARN_INFINITE_RECURSION = YES;
				CLANG_WARN_INT_CONVERSION = YES;
				CLANG_WARN_OBJC_ROOT_CLASS = YES_ERROR;
				CLANG_WARN_SUSPICIOUS_MOVES = YES;
				CLANG_WARN_UNREACHABLE_CODE = YES;
				CLANG_WARN__DUPLICATE_METHOD_MATCH = YES;
				"CODE_SIGN_IDENTITY[sdk=iphoneos*]" = "iPhone Developer";
				COPY_PHASE_STRIP = NO;
				DEBUG_INFORMATION_FORMAT = dwarf;
				ENABLE_STRICT_OBJC_MSGSEND = YES;
				ENABLE_TESTABILITY = YES;
				GCC_C_LANGUAGE_STANDARD = gnu99;
				GCC_DYNAMIC_NO_PIC = NO;
				GCC_NO_COMMON_BLOCKS = YES;
				GCC_OPTIMIZATION_LEVEL = 0;
				GCC_PREPROCESSOR_DEFINITIONS = (
					"DEBUG=1",
					"$(inherited)",
				);
				GCC_WARN_64_TO_32_BIT_CONVERSION = YES;
				GCC_WARN_ABOUT_RETURN_TYPE = YES_ERROR;
				GCC_WARN_UNDECLARED_SELECTOR = YES;
				GCC_WARN_UNINITIALIZED_AUTOS = YES_AGGRESSIVE;
				GCC_WARN_UNUSED_FUNCTION = YES;
				GCC_WARN_UNUSED_VARIABLE = YES;
				IPHONEOS_DEPLOYMENT_TARGET = 10.0;
				MTL_ENABLE_DEBUG_INFO = YES;
				ONLY_ACTIVE_ARCH = YES;
				SDKROOT = iphoneos;
				SWIFT_ACTIVE_COMPILATION_CONDITIONS = DEBUG;
				SWIFT_OPTIMIZATION_LEVEL = "-Onone";
			};
			name = Debug;
		};
		47E83D8C1DE9324D00225E1E /* Release */ = {
			isa = XCBuildConfiguration;
			buildSettings = {
				ALWAYS_SEARCH_USER_PATHS = NO;
				CLANG_ANALYZER_NONNULL = YES;
				CLANG_CXX_LANGUAGE_STANDARD = "gnu++0x";
				CLANG_CXX_LIBRARY = "libc++";
				CLANG_ENABLE_MODULES = YES;
				CLANG_ENABLE_OBJC_ARC = YES;
				CLANG_WARN_BOOL_CONVERSION = YES;
				CLANG_WARN_CONSTANT_CONVERSION = YES;
				CLANG_WARN_DIRECT_OBJC_ISA_USAGE = YES_ERROR;
				CLANG_WARN_DOCUMENTATION_COMMENTS = YES;
				CLANG_WARN_EMPTY_BODY = YES;
				CLANG_WARN_ENUM_CONVERSION = YES;
				CLANG_WARN_INFINITE_RECURSION = YES;
				CLANG_WARN_INT_CONVERSION = YES;
				CLANG_WARN_OBJC_ROOT_CLASS = YES_ERROR;
				CLANG_WARN_SUSPICIOUS_MOVES = YES;
				CLANG_WARN_UNREACHABLE_CODE = YES;
				CLANG_WARN__DUPLICATE_METHOD_MATCH = YES;
				"CODE_SIGN_IDENTITY[sdk=iphoneos*]" = "iPhone Developer";
				COPY_PHASE_STRIP = NO;
				DEBUG_INFORMATION_FORMAT = "dwarf-with-dsym";
				ENABLE_NS_ASSERTIONS = NO;
				ENABLE_STRICT_OBJC_MSGSEND = YES;
				GCC_C_LANGUAGE_STANDARD = gnu99;
				GCC_NO_COMMON_BLOCKS = YES;
				GCC_WARN_64_TO_32_BIT_CONVERSION = YES;
				GCC_WARN_ABOUT_RETURN_TYPE = YES_ERROR;
				GCC_WARN_UNDECLARED_SELECTOR = YES;
				GCC_WARN_UNINITIALIZED_AUTOS = YES_AGGRESSIVE;
				GCC_WARN_UNUSED_FUNCTION = YES;
				GCC_WARN_UNUSED_VARIABLE = YES;
				IPHONEOS_DEPLOYMENT_TARGET = 10.0;
				MTL_ENABLE_DEBUG_INFO = NO;
				SDKROOT = iphoneos;
				SWIFT_OPTIMIZATION_LEVEL = "-Owholemodule";
				VALIDATE_PRODUCT = YES;
			};
			name = Release;
		};
		47E83D8E1DE9324D00225E1E /* Debug */ = {
			isa = XCBuildConfiguration;
			baseConfigurationReference = 74AB4437F140A7A8538303FF /* Pods-Rx.debug.xcconfig */;
			buildSettings = {
				ASSETCATALOG_COMPILER_APPICON_NAME = AppIcon;
				INFOPLIST_FILE = Rx/Info.plist;
				LD_RUNPATH_SEARCH_PATHS = "$(inherited) @executable_path/Frameworks";
				PRODUCT_BUNDLE_IDENTIFIER = xiaowu.Rx;
				PRODUCT_NAME = "$(TARGET_NAME)";
				SWIFT_VERSION = 3.0;
			};
			name = Debug;
		};
		47E83D8F1DE9324D00225E1E /* Release */ = {
			isa = XCBuildConfiguration;
			baseConfigurationReference = 3F6A78BF6EA37E02F05B61EC /* Pods-Rx.release.xcconfig */;
			buildSettings = {
				ASSETCATALOG_COMPILER_APPICON_NAME = AppIcon;
				INFOPLIST_FILE = Rx/Info.plist;
				LD_RUNPATH_SEARCH_PATHS = "$(inherited) @executable_path/Frameworks";
				PRODUCT_BUNDLE_IDENTIFIER = xiaowu.Rx;
				PRODUCT_NAME = "$(TARGET_NAME)";
				SWIFT_VERSION = 3.0;
			};
			name = Release;
		};
		47E83D911DE9324D00225E1E /* Debug */ = {
			isa = XCBuildConfiguration;
			buildSettings = {
				ALWAYS_EMBED_SWIFT_STANDARD_LIBRARIES = YES;
				BUNDLE_LOADER = "$(TEST_HOST)";
				INFOPLIST_FILE = RxTests/Info.plist;
				LD_RUNPATH_SEARCH_PATHS = "$(inherited) @executable_path/Frameworks @loader_path/Frameworks";
				PRODUCT_BUNDLE_IDENTIFIER = xiaowu.RxTests;
				PRODUCT_NAME = "$(TARGET_NAME)";
				SWIFT_VERSION = 3.0;
				TEST_HOST = "$(BUILT_PRODUCTS_DIR)/Rx.app/Rx";
			};
			name = Debug;
		};
		47E83D921DE9324D00225E1E /* Release */ = {
			isa = XCBuildConfiguration;
			buildSettings = {
				ALWAYS_EMBED_SWIFT_STANDARD_LIBRARIES = YES;
				BUNDLE_LOADER = "$(TEST_HOST)";
				INFOPLIST_FILE = RxTests/Info.plist;
				LD_RUNPATH_SEARCH_PATHS = "$(inherited) @executable_path/Frameworks @loader_path/Frameworks";
				PRODUCT_BUNDLE_IDENTIFIER = xiaowu.RxTests;
				PRODUCT_NAME = "$(TARGET_NAME)";
				SWIFT_VERSION = 3.0;
				TEST_HOST = "$(BUILT_PRODUCTS_DIR)/Rx.app/Rx";
			};
			name = Release;
		};
		47E83D941DE9324D00225E1E /* Debug */ = {
			isa = XCBuildConfiguration;
			buildSettings = {
				ALWAYS_EMBED_SWIFT_STANDARD_LIBRARIES = YES;
				INFOPLIST_FILE = RxUITests/Info.plist;
				LD_RUNPATH_SEARCH_PATHS = "$(inherited) @executable_path/Frameworks @loader_path/Frameworks";
				PRODUCT_BUNDLE_IDENTIFIER = xiaowu.RxUITests;
				PRODUCT_NAME = "$(TARGET_NAME)";
				SWIFT_VERSION = 3.0;
				TEST_TARGET_NAME = Rx;
			};
			name = Debug;
		};
		47E83D951DE9324D00225E1E /* Release */ = {
			isa = XCBuildConfiguration;
			buildSettings = {
				ALWAYS_EMBED_SWIFT_STANDARD_LIBRARIES = YES;
				INFOPLIST_FILE = RxUITests/Info.plist;
				LD_RUNPATH_SEARCH_PATHS = "$(inherited) @executable_path/Frameworks @loader_path/Frameworks";
				PRODUCT_BUNDLE_IDENTIFIER = xiaowu.RxUITests;
				PRODUCT_NAME = "$(TARGET_NAME)";
				SWIFT_VERSION = 3.0;
				TEST_TARGET_NAME = Rx;
			};
			name = Release;
		};
/* End XCBuildConfiguration section */

/* Begin XCConfigurationList section */
		47E83D601DE9324C00225E1E /* Build configuration list for PBXProject "Rx" */ = {
			isa = XCConfigurationList;
			buildConfigurations = (
				47E83D8B1DE9324D00225E1E /* Debug */,
				47E83D8C1DE9324D00225E1E /* Release */,
			);
			defaultConfigurationIsVisible = 0;
			defaultConfigurationName = Release;
		};
		47E83D8D1DE9324D00225E1E /* Build configuration list for PBXNativeTarget "Rx" */ = {
			isa = XCConfigurationList;
			buildConfigurations = (
				47E83D8E1DE9324D00225E1E /* Debug */,
				47E83D8F1DE9324D00225E1E /* Release */,
			);
			defaultConfigurationIsVisible = 0;
			defaultConfigurationName = Release;
		};
		47E83D901DE9324D00225E1E /* Build configuration list for PBXNativeTarget "RxTests" */ = {
			isa = XCConfigurationList;
			buildConfigurations = (
				47E83D911DE9324D00225E1E /* Debug */,
				47E83D921DE9324D00225E1E /* Release */,
			);
			defaultConfigurationIsVisible = 0;
			defaultConfigurationName = Release;
		};
		47E83D931DE9324D00225E1E /* Build configuration list for PBXNativeTarget "RxUITests" */ = {
			isa = XCConfigurationList;
			buildConfigurations = (
				47E83D941DE9324D00225E1E /* Debug */,
				47E83D951DE9324D00225E1E /* Release */,
			);
			defaultConfigurationIsVisible = 0;
			defaultConfigurationName = Release;
		};
/* End XCConfigurationList section */
	};
	rootObject = 47E83D5D1DE9324C00225E1E /* Project object */;
}
